
Microsoft Visual Studio Solution File, Format Version 11.00
# Visual Studio 2010
Project("{FAE04EC0-301F-11D3-BF4B-00C04F79EFBC}") = "Mertrellial", "Mertrellial\Mertrellial.csproj", "{23349F09-A53A-45C5-8E12-0134FBDCAC8C}"
EndProject
Project("{FAE04EC0-301F-11D3-BF4B-00C04F79EFBC}") = "Mertrellial.Tests", "Mertrellial.Tests\Mertrellial.Tests.csproj", "{BF9535C5-CCB8-4DD3-97B6-AE280749735E}"
EndProject
Global
	GlobalSection(SolutionConfigurationPlatforms) = preSolution
		Debug|Any CPU = Debug|Any CPU
		Release|Any CPU = Release|Any CPU
	EndGlobalSection
	GlobalSection(ProjectConfigurationPlatforms) = postSolution
		{23349F09-A53A-45C5-8E12-0134FBDCAC8C}.Debug|Any CPU.ActiveCfg = Debug|Any CPU
		{23349F09-A53A-45C5-8E12-0134FBDCAC8C}.Debug|Any CPU.Build.0 = Debug|Any CPU
		{23349F09-A53A-45C5-8E12-0134FBDCAC8C}.Release|Any CPU.ActiveCfg = Release|Any CPU
		{23349F09-A53A-45C5-8E12-0134FBDCAC8C}.Release|Any CPU.Build.0 = Release|Any CPU
		{BF9535C5-CCB8-4DD3-97B6-AE280749735E}.Debug|Any CPU.ActiveCfg = Debug|Any CPU
		{BF9535C5-CCB8-4DD3-97B6-AE280749735E}.Debug|Any CPU.Build.0 = Debug|Any CPU
		{BF9535C5-CCB8-4DD3-97B6-AE280749735E}.Release|Any CPU.ActiveCfg = Release|Any CPU
		{BF9535C5-CCB8-4DD3-97B6-AE280749735E}.Release|Any CPU.Build.0 = Release|Any CPU
	EndGlobalSection
	GlobalSection(SolutionProperties) = preSolution
		HideSolutionNode = FALSE
	EndGlobalSection
EndGlobal
